
Microsoft Visual Studio Solution File, Format Version 12.00
# Visual Studio Version 17
VisualStudioVersion = 17.2.32630.192
MinimumVisualStudioVersion = 10.0.40219.1
Project("{2150E333-8FDC-42A3-9474-1A3956D46DE8}") = "src", "src", "{F3638CB4-C495-49A4-BF8B-5B9B70FADE90}"
EndProject
Project("{9A19103F-16F7-4668-BE54-9A1E7A4F7556}") = "VirtoCommerce.CartAbandonmentReminder.Web", "src\VirtoCommerce.CartAbandonmentReminder.Web\VirtoCommerce.CartAbandonmentReminder.Web.csproj", "{646BFC8E-459B-4412-BE07-247D4E5E3BB7}"
EndProject
Project("{9A19103F-16F7-4668-BE54-9A1E7A4F7556}") = "VirtoCommerce.CartAbandonmentReminder.Data", "src\VirtoCommerce.CartAbandonmentReminder.Data\VirtoCommerce.CartAbandonmentReminder.Data.csproj", "{0B63614B-4D2E-40EC-8C0B-7134A770B336}"
EndProject
Project("{9A19103F-16F7-4668-BE54-9A1E7A4F7556}") = "VirtoCommerce.CartAbandonmentReminder.Core", "src\VirtoCommerce.CartAbandonmentReminder.Core\VirtoCommerce.CartAbandonmentReminder.Core.csproj", "{8516C354-DC16-4291-A667-AE37A98BDD0A}"
EndProject
Project("{2150E333-8FDC-42A3-9474-1A3956D46DE8}") = "tests", "tests", "{AE26D6E6-9053-426A-BA14-88E322DD8D32}"
EndProject
Project("{9A19103F-16F7-4668-BE54-9A1E7A4F7556}") = "VirtoCommerce.CartAbandonmentReminder.Tests", "tests\VirtoCommerce.CartAbandonmentReminder.Tests\VirtoCommerce.CartAbandonmentReminder.Tests.csproj", "{18505CB6-0E74-4562-AEC1-CFFD51D358B9}"
EndProject
Project("{2150E333-8FDC-42A3-9474-1A3956D46DE8}") = "Solution Items", "Solution Items", "{ED0F6418-366D-4898-A6DD-81EE9C8283F1}"
	ProjectSection(SolutionItems) = preProject
		.editorconfig = .editorconfig
		.gitignore = .gitignore
		Directory.Build.props = Directory.Build.props
		LICENSE = LICENSE
		module.ignore = module.ignore
		README.md = README.md
		VirtoCommerce.CartAbandonmentReminder.sln.DotSettings = VirtoCommerce.CartAbandonmentReminder.sln.DotSettings
	EndProjectSection
EndProject
Global
	GlobalSection(SolutionConfigurationPlatforms) = preSolution
		Debug|Any CPU = Debug|Any CPU
		Release|Any CPU = Release|Any CPU
	EndGlobalSection
	GlobalSection(ProjectConfigurationPlatforms) = postSolution
		{646BFC8E-459B-4412-BE07-247D4E5E3BB7}.Debug|Any CPU.ActiveCfg = Debug|Any CPU
		{646BFC8E-459B-4412-BE07-247D4E5E3BB7}.Debug|Any CPU.Build.0 = Debug|Any CPU
		{646BFC8E-459B-4412-BE07-247D4E5E3BB7}.Release|Any CPU.ActiveCfg = Release|Any CPU
		{646BFC8E-459B-4412-BE07-247D4E5E3BB7}.Release|Any CPU.Build.0 = Release|Any CPU
		{0B63614B-4D2E-40EC-8C0B-7134A770B336}.Debug|Any CPU.ActiveCfg = Debug|Any CPU
		{0B63614B-4D2E-40EC-8C0B-7134A770B336}.Debug|Any CPU.Build.0 = Debug|Any CPU
		{0B63614B-4D2E-40EC-8C0B-7134A770B336}.Release|Any CPU.ActiveCfg = Release|Any CPU
		{0B63614B-4D2E-40EC-8C0B-7134A770B336}.Release|Any CPU.Build.0 = Release|Any CPU
		{8516C354-DC16-4291-A667-AE37A98BDD0A}.Debug|Any CPU.ActiveCfg = Debug|Any CPU
		{8516C354-DC16-4291-A667-AE37A98BDD0A}.Debug|Any CPU.Build.0 = Debug|Any CPU
		{8516C354-DC16-4291-A667-AE37A98BDD0A}.Release|Any CPU.ActiveCfg = Release|Any CPU
		{8516C354-DC16-4291-A667-AE37A98BDD0A}.Release|Any CPU.Build.0 = Release|Any CPU
		{18505CB6-0E74-4562-AEC1-CFFD51D358B9}.Debug|Any CPU.ActiveCfg = Debug|Any CPU
		{18505CB6-0E74-4562-AEC1-CFFD51D358B9}.Debug|Any CPU.Build.0 = Debug|Any CPU
		{18505CB6-0E74-4562-AEC1-CFFD51D358B9}.Release|Any CPU.ActiveCfg = Release|Any CPU
		{18505CB6-0E74-4562-AEC1-CFFD51D358B9}.Release|Any CPU.Build.0 = Release|Any CPU
	EndGlobalSection
	GlobalSection(SolutionProperties) = preSolution
		HideSolutionNode = FALSE
	EndGlobalSection
	GlobalSection(NestedProjects) = preSolution
		{646BFC8E-459B-4412-BE07-247D4E5E3BB7} = {F3638CB4-C495-49A4-BF8B-5B9B70FADE90}
		{0B63614B-4D2E-40EC-8C0B-7134A770B336} = {F3638CB4-C495-49A4-BF8B-5B9B70FADE90}
		{8516C354-DC16-4291-A667-AE37A98BDD0A} = {F3638CB4-C495-49A4-BF8B-5B9B70FADE90}
		{18505CB6-0E74-4562-AEC1-CFFD51D358B9} = {AE26D6E6-9053-426A-BA14-88E322DD8D32}
	EndGlobalSection
	GlobalSection(ExtensibilityGlobals) = postSolution
		SolutionGuid = {91DB72C1-9A08-4692-8E82-3C8F65C6B8DD}
	EndGlobalSection
EndGlobal
